<?xml version="1.0" encoding="UTF-8" standalone="yes" ?>
<CodeBlocks_project_file>
	<FileVersion major="1" minor="6" />
	<Project>
		<Option title="mcc" />
		<Option pch_mode="2" />
		<Option compiler="gcc" />
		<Build>
			<Target title="Debug">
				<Option output="bin/Debug/mcc" prefix_auto="1" extension_auto="1" />
				<Option object_output="obj/Debug/" />
				<Option type="1" />
				<Option compiler="gcc" />
				<Compiler>
					<Add option="-g" />
				</Compiler>
				<Linker>
					<Add library="z" />
					<Add library="pthread" />
					<Add library="sqlite3" />
					<Add library="rt" />
				</Linker>
			</Target>
			<Target title="Release">
				<Option output="bin/Release/mcc" prefix_auto="1" extension_auto="1" />
				<Option object_output="obj/Release/" />
				<Option type="1" />
				<Option compiler="gcc" />
				<Compiler>
					<Add option="-O2" />
				</Compiler>
				<Linker>
					<Add option="-s" />
				</Linker>
			</Target>
		</Build>
		<Compiler>
			<Add option="-Wall" />
		</Compiler>
		<Unit filename="bitstuff.h" />
		<Unit filename="block.c">
			<Option compilerVar="CC" />
		</Unit>
		<Unit filename="block.h" />
		<Unit filename="client.c">
			<Option compilerVar="CC" />
		</Unit>
		<Unit filename="client.h" />
		<Unit filename="colour.c">
			<Option compilerVar="CC" />
		</Unit>
		<Unit filename="colour.h" />
		<Unit filename="commands.c">
			<Option compilerVar="CC" />
		</Unit>
		<Unit filename="commands.h" />
		<Unit filename="cuboid.c">
			<Option compilerVar="CC" />
		</Unit>
		<Unit filename="cuboid.h" />
		<Unit filename="heartbeat.c">
			<Option compilerVar="CC" />
		</Unit>
		<Unit filename="heartbeat.h" />
		<Unit filename="irc.c">
			<Option compilerVar="CC" />
		</Unit>
		<Unit filename="irc.h" />
		<Unit filename="level.c">
			<Option compilerVar="CC" />
		</Unit>
		<Unit filename="level.h" />
		<Unit filename="list.h" />
		<Unit filename="mcc.c">
			<Option compilerVar="CC" />
		</Unit>
		<Unit filename="mcc.h" />
		<Unit filename="network.c">
			<Option compilerVar="CC" />
		</Unit>
		<Unit filename="network.h" />
		<Unit filename="packet.c">
			<Option compilerVar="CC" />
		</Unit>
		<Unit filename="packet.h" />
		<Unit filename="physics.h" />
		<Unit filename="player.c">
			<Option compilerVar="CC" />
		</Unit>
		<Unit filename="player.h" />
		<Unit filename="playerdb.c">
			<Option compilerVar="CC" />
		</Unit>
		<Unit filename="playerdb.h" />
		<Unit filename="position.h" />
		<Unit filename="timer.c">
			<Option compilerVar="CC" />
		</Unit>
		<Unit filename="timer.h" />
		<Unit filename="vertex.h" />
		<Extensions>
			<envvars />
			<code_completion />
			<debugger />
			<lib_finder disable_auto="1" />
		</Extensions>
	</Project>
</CodeBlocks_project_file>
